{
  "originHash" : "af5295dc046614f7de4d36aca51ea1a447c58e1266ee69053bd70be401e53f6c",
  "pins" : [
    {
      "identity" : "halykcore",
      "kind" : "remoteSourceControl",
      "location" : "https://github.com/Salmik/HalykCore",
      "state" : {
        "branch" : "main",
        "revision" : "ed034cc16fe87432ea8de005ff0da6462ee94bb3"
      }
    }
  ],
  "version" : 3
}
