// !$*UTF8*$!
{
	archiveVersion = 1;
	classes = {
	};
	objectVersion = 56;
	objects = {

/* Begin PBXBuildFile section */
		8AB590DA01998C3F98C84B14 /* Pods_HalykWidget.framework in Frameworks */ = {isa = PBXBuildFile; fileRef = 3527B0406522E8B73FF0516A /* Pods_HalykWidget.framework */; };
		BB0A70662CBF9DEB00084289 /* HalykWidgetQRScannerViewController.swift in Sources */ = {isa = PBXBuildFile; fileRef = BB0A70652CBF9DEB00084289 /* HalykWidgetQRScannerViewController.swift */; };
		BB0A70682CBF9EA400084289 /* HalykWidgetQRScannerViewModel.swift in Sources */ = {isa = PBXBuildFile; fileRef = BB0A70672CBF9EA400084289 /* HalykWidgetQRScannerViewModel.swift */; };
		BB0A706B2CBF9EFF00084289 /* CameraFocusFrameView.swift in Sources */ = {isa = PBXBuildFile; fileRef = BB0A706A2CBF9EFF00084289 /* CameraFocusFrameView.swift */; };
		BB0CC1CB2C9BEBD500B5121D /* HalykCore in Frameworks */ = {isa = PBXBuildFile; productRef = BB0CC1CA2C9BEBD500B5121D /* HalykCore */; };
		BB1E6BA42C52161300A8E41D /* HalykWidgetController.swift in Sources */ = {isa = PBXBuildFile; fileRef = BB1E6BA32C52161300A8E41D /* HalykWidgetController.swift */; };
		BB22011C2CC0CA6700EBAED1 /* OnboardingInfoData.swift in Sources */ = {isa = PBXBuildFile; fileRef = BB22011B2CC0CA6700EBAED1 /* OnboardingInfoData.swift */; };
		BB38A46F2CBCDFE800E090B0 /* forensics.license in Resources */ = {isa = PBXBuildFile; fileRef = BB38A46E2CBCDFE800E090B0 /* forensics.license */; };
		BB3F67C02C897EFA00A61D68 /* DeviceInfoCollector.swift in Sources */ = {isa = PBXBuildFile; fileRef = BB3F67BF2C897EFA00A61D68 /* DeviceInfoCollector.swift */; };
		BB3F67C22C897F2100A61D68 /* RSAWorker.swift in Sources */ = {isa = PBXBuildFile; fileRef = BB3F67C12C897F2100A61D68 /* RSAWorker.swift */; };
		BB3F67C52C89809300A61D68 /* MessagingWebViewActions.swift in Sources */ = {isa = PBXBuildFile; fileRef = BB3F67C42C89809300A61D68 /* MessagingWebViewActions.swift */; };
		BB5C46DD2CB7AF9800B7C6FB /* KeychainKeys.swift in Sources */ = {isa = PBXBuildFile; fileRef = BB5C46DC2CB7AF9800B7C6FB /* KeychainKeys.swift */; };
		BB5C46DF2CB7D35300B7C6FB /* halykbank.kz.crt in Resources */ = {isa = PBXBuildFile; fileRef = BB5C46DE2CB7D35300B7C6FB /* halykbank.kz.crt */; };
		BB5C46E22CB7F20B00B7C6FB /* Scripts.swift in Sources */ = {isa = PBXBuildFile; fileRef = BB5C46E12CB7F20B00B7C6FB /* Scripts.swift */; };
		BB5C46E42CB7F95600B7C6FB /* LivenessInfoData.swift in Sources */ = {isa = PBXBuildFile; fileRef = BB5C46E32CB7F95600B7C6FB /* LivenessInfoData.swift */; };
		BB5C46E52CB7FBFA00B7C6FB /* MobileSDK.xcframework in Frameworks */ = {isa = PBXBuildFile; fileRef = BB8903622CB55FB700982B1B /* MobileSDK.xcframework */; };
		BB5C46E62CB7FBFA00B7C6FB /* MobileSDK.xcframework in Embed Frameworks */ = {isa = PBXBuildFile; fileRef = BB8903622CB55FB700982B1B /* MobileSDK.xcframework */; settings = {ATTRIBUTES = (CodeSignOnCopy, RemoveHeadersOnCopy, ); }; };
		BB8903532CB5594800982B1B /* HalykCore in Frameworks */ = {isa = PBXBuildFile; productRef = BB8903522CB5594800982B1B /* HalykCore */; };
		BB89035B2CB559D200982B1B /* HalykWidget.framework in Frameworks */ = {isa = PBXBuildFile; fileRef = BB933ADB2C4FC74A0004E7FC /* HalykWidget.framework */; };
		BB89035C2CB559D200982B1B /* HalykWidget.framework in Embed Frameworks */ = {isa = PBXBuildFile; fileRef = BB933ADB2C4FC74A0004E7FC /* HalykWidget.framework */; settings = {ATTRIBUTES = (CodeSignOnCopy, RemoveHeadersOnCopy, ); }; };
		BB8903612CB55E8C00982B1B /* FraudDataConfigurator.swift in Sources */ = {isa = PBXBuildFile; fileRef = BB8903602CB55E8C00982B1B /* FraudDataConfigurator.swift */; };
		BB8903632CB55FB700982B1B /* MobileSDK.xcframework in Frameworks */ = {isa = PBXBuildFile; fileRef = BB8903622CB55FB700982B1B /* MobileSDK.xcframework */; };
		BB8903642CB55FB700982B1B /* MobileSDK.xcframework in Embed Frameworks */ = {isa = PBXBuildFile; fileRef = BB8903622CB55FB700982B1B /* MobileSDK.xcframework */; settings = {ATTRIBUTES = (CodeSignOnCopy, RemoveHeadersOnCopy, ); }; };
		BB933AE02C4FC74A0004E7FC /* HalykWidget.docc in Sources */ = {isa = PBXBuildFile; fileRef = BB933ADF2C4FC74A0004E7FC /* HalykWidget.docc */; };
		BB933AE62C4FC74A0004E7FC /* HalykWidget.framework in Frameworks */ = {isa = PBXBuildFile; fileRef = BB933ADB2C4FC74A0004E7FC /* HalykWidget.framework */; };
		BB933AEB2C4FC74A0004E7FC /* HalykWidgetTests.swift in Sources */ = {isa = PBXBuildFile; fileRef = BB933AEA2C4FC74A0004E7FC /* HalykWidgetTests.swift */; };
		BB933AEC2C4FC74A0004E7FC /* HalykWidget.h in Headers */ = {isa = PBXBuildFile; fileRef = BB933ADE2C4FC74A0004E7FC /* HalykWidget.h */; settings = {ATTRIBUTES = (Public, ); }; };
		BB9D5DD82CA55DEC0060CEDD /* TimeStampCalculator.swift in Sources */ = {isa = PBXBuildFile; fileRef = BB9D5DD72CA55DEC0060CEDD /* TimeStampCalculator.swift */; };
		BB9D5DDA2CA55E890060CEDD /* TokenPairModel.swift in Sources */ = {isa = PBXBuildFile; fileRef = BB9D5DD92CA55E890060CEDD /* TokenPairModel.swift */; };
		BB9D5DDC2CA55EAE0060CEDD /* RootTokenModel.swift in Sources */ = {isa = PBXBuildFile; fileRef = BB9D5DDB2CA55EAE0060CEDD /* RootTokenModel.swift */; };
		BB9D5DDE2CA55ED70060CEDD /* Constants.swift in Sources */ = {isa = PBXBuildFile; fileRef = BB9D5DDD2CA55ED70060CEDD /* Constants.swift */; };
		BB9D5DE02CA55EF40060CEDD /* HalykWidgetAuthorizationApi.swift in Sources */ = {isa = PBXBuildFile; fileRef = BB9D5DDF2CA55EF40060CEDD /* HalykWidgetAuthorizationApi.swift */; };
		BB9D5DE22CA55FB90060CEDD /* NetworkWorker.swift in Sources */ = {isa = PBXBuildFile; fileRef = BB9D5DE12CA55FB90060CEDD /* NetworkWorker.swift */; };
		BBAA278E2C5CEC88008AA890 /* MessageWebView.swift in Sources */ = {isa = PBXBuildFile; fileRef = BBAA278D2C5CEC88008AA890 /* MessageWebView.swift */; };
		BBD17DFF2CB65AAE00FCE09C /* SceneDelegate.swift in Sources */ = {isa = PBXBuildFile; fileRef = BBD17DFB2CB65AAE00FCE09C /* SceneDelegate.swift */; };
		BBD17E002CB65AAE00FCE09C /* BaseCell.swift in Sources */ = {isa = PBXBuildFile; fileRef = BBD17DF92CB65AAE00FCE09C /* BaseCell.swift */; };
		BBD17E012CB65AAE00FCE09C /* AppDelegate.swift in Sources */ = {isa = PBXBuildFile; fileRef = BBD17DF42CB65AAE00FCE09C /* AppDelegate.swift */; };
		BBD17E022CB65AAE00FCE09C /* TableCellConfigurator.swift in Sources */ = {isa = PBXBuildFile; fileRef = BBD17DFC2CB65AAE00FCE09C /* TableCellConfigurator.swift */; };
		BBD17E032CB65AAE00FCE09C /* TextFieldView.swift in Sources */ = {isa = PBXBuildFile; fileRef = BBD17DFD2CB65AAE00FCE09C /* TextFieldView.swift */; };
		BBD17E042CB65AAE00FCE09C /* ViewController.swift in Sources */ = {isa = PBXBuildFile; fileRef = BBD17DFE2CB65AAE00FCE09C /* ViewController.swift */; };
		BBD17E052CB65AAE00FCE09C /* LaunchScreen.storyboard in Resources */ = {isa = PBXBuildFile; fileRef = BBD17DF72CB65AAE00FCE09C /* LaunchScreen.storyboard */; };
		BBD17E062CB65AAE00FCE09C /* Assets.xcassets in Resources */ = {isa = PBXBuildFile; fileRef = BBD17DF52CB65AAE00FCE09C /* Assets.xcassets */; };
		BBD376DB2CB6AD48003613A7 /* ForenzicConfigurator.swift in Sources */ = {isa = PBXBuildFile; fileRef = BBD376DA2CB6AD48003613A7 /* ForenzicConfigurator.swift */; };
		BBE6EB7F2C523CB9003E71B7 /* HalykWidgetViewModel.swift in Sources */ = {isa = PBXBuildFile; fileRef = BBE6EB7E2C523CB9003E71B7 /* HalykWidgetViewModel.swift */; };
		BBF2B2702CAE72BC00DF4494 /* ConstantsApi.swift in Sources */ = {isa = PBXBuildFile; fileRef = BBF2B26F2CAE72BC00DF4494 /* ConstantsApi.swift */; };
		BBF2B2722CAE7A6000DF4494 /* CommonInformation.swift in Sources */ = {isa = PBXBuildFile; fileRef = BBF2B2712CAE7A5F00DF4494 /* CommonInformation.swift */; };
		BBF2B2832CAEC1FA00DF4494 /* Services.swift in Sources */ = {isa = PBXBuildFile; fileRef = BBF2B2822CAEC1FA00DF4494 /* Services.swift */; };
		CC7FA66249A6484CB0E85317 /* Pods_HalykWidget_HalykWidgetTests.framework in Frameworks */ = {isa = PBXBuildFile; fileRef = 8F6411F9256D336119C64E4C /* Pods_HalykWidget_HalykWidgetTests.framework */; };
		E8B24E60B99181DD9F549967 /* Pods_Example.framework in Frameworks */ = {isa = PBXBuildFile; fileRef = 6675DEEA627C6696CE6F3A27 /* Pods_Example.framework */; };
/* End PBXBuildFile section */

/* Begin PBXContainerItemProxy section */
		BB89035D2CB559D200982B1B /* PBXContainerItemProxy */ = {
			isa = PBXContainerItemProxy;
			containerPortal = BB933AD22C4FC74A0004E7FC /* Project object */;
			proxyType = 1;
			remoteGlobalIDString = BB933ADA2C4FC74A0004E7FC;
			remoteInfo = HalykWidget;
		};
		BB933AE72C4FC74A0004E7FC /* PBXContainerItemProxy */ = {
			isa = PBXContainerItemProxy;
			containerPortal = BB933AD22C4FC74A0004E7FC /* Project object */;
			proxyType = 1;
			remoteGlobalIDString = BB933ADA2C4FC74A0004E7FC;
			remoteInfo = HalykWidget;
		};
/* End PBXContainerItemProxy section */

/* Begin PBXCopyFilesBuildPhase section */
		BB89035F2CB559D200982B1B /* Embed Frameworks */ = {
			isa = PBXCopyFilesBuildPhase;
			buildActionMask = 2147483647;
			dstPath = "";
			dstSubfolderSpec = 10;
			files = (
				BB5C46E62CB7FBFA00B7C6FB /* MobileSDK.xcframework in Embed Frameworks */,
				BB89035C2CB559D200982B1B /* HalykWidget.framework in Embed Frameworks */,
			);
			name = "Embed Frameworks";
			runOnlyForDeploymentPostprocessing = 0;
		};
		BBCF14002C9B538B0008FF61 /* Embed Frameworks */ = {
			isa = PBXCopyFilesBuildPhase;
			buildActionMask = 2147483647;
			dstPath = "";
			dstSubfolderSpec = 10;
			files = (
				BB8903642CB55FB700982B1B /* MobileSDK.xcframework in Embed Frameworks */,
			);
			name = "Embed Frameworks";
			runOnlyForDeploymentPostprocessing = 0;
		};
/* End PBXCopyFilesBuildPhase section */

/* Begin PBXFileReference section */
		1ADC070C4CE6EAAEA8593CF2 /* Pods-Example.release.xcconfig */ = {isa = PBXFileReference; includeInIndex = 1; lastKnownFileType = text.xcconfig; name = "Pods-Example.release.xcconfig"; path = "Target Support Files/Pods-Example/Pods-Example.release.xcconfig"; sourceTree = "<group>"; };
		3527B0406522E8B73FF0516A /* Pods_HalykWidget.framework */ = {isa = PBXFileReference; explicitFileType = wrapper.framework; includeInIndex = 0; path = Pods_HalykWidget.framework; sourceTree = BUILT_PRODUCTS_DIR; };
		47532498EB4B6868899A0E2B /* Pods-HalykWidget.debug.xcconfig */ = {isa = PBXFileReference; includeInIndex = 1; lastKnownFileType = text.xcconfig; name = "Pods-HalykWidget.debug.xcconfig"; path = "Target Support Files/Pods-HalykWidget/Pods-HalykWidget.debug.xcconfig"; sourceTree = "<group>"; };
		4F660A01272D514583E466CF /* Pods-HalykWidget-HalykWidgetTests.debug.xcconfig */ = {isa = PBXFileReference; includeInIndex = 1; lastKnownFileType = text.xcconfig; name = "Pods-HalykWidget-HalykWidgetTests.debug.xcconfig"; path = "Target Support Files/Pods-HalykWidget-HalykWidgetTests/Pods-HalykWidget-HalykWidgetTests.debug.xcconfig"; sourceTree = "<group>"; };
		5CE87025D45DB16B08D2D418 /* Pods-Example.debug.xcconfig */ = {isa = PBXFileReference; includeInIndex = 1; lastKnownFileType = text.xcconfig; name = "Pods-Example.debug.xcconfig"; path = "Target Support Files/Pods-Example/Pods-Example.debug.xcconfig"; sourceTree = "<group>"; };
		6675DEEA627C6696CE6F3A27 /* Pods_Example.framework */ = {isa = PBXFileReference; explicitFileType = wrapper.framework; includeInIndex = 0; path = Pods_Example.framework; sourceTree = BUILT_PRODUCTS_DIR; };
		8F6411F9256D336119C64E4C /* Pods_HalykWidget_HalykWidgetTests.framework */ = {isa = PBXFileReference; explicitFileType = wrapper.framework; includeInIndex = 0; path = Pods_HalykWidget_HalykWidgetTests.framework; sourceTree = BUILT_PRODUCTS_DIR; };
		BA124FABCD853CC18D7D99E1 /* Pods-HalykWidget.release.xcconfig */ = {isa = PBXFileReference; includeInIndex = 1; lastKnownFileType = text.xcconfig; name = "Pods-HalykWidget.release.xcconfig"; path = "Target Support Files/Pods-HalykWidget/Pods-HalykWidget.release.xcconfig"; sourceTree = "<group>"; };
		BB0A70652CBF9DEB00084289 /* HalykWidgetQRScannerViewController.swift */ = {isa = PBXFileReference; lastKnownFileType = sourcecode.swift; path = HalykWidgetQRScannerViewController.swift; sourceTree = "<group>"; };
		BB0A70672CBF9EA400084289 /* HalykWidgetQRScannerViewModel.swift */ = {isa = PBXFileReference; lastKnownFileType = sourcecode.swift; path = HalykWidgetQRScannerViewModel.swift; sourceTree = "<group>"; };
		BB0A706A2CBF9EFF00084289 /* CameraFocusFrameView.swift */ = {isa = PBXFileReference; lastKnownFileType = sourcecode.swift; path = CameraFocusFrameView.swift; sourceTree = "<group>"; };
		BB1DBF322CA1E7ED009598E1 /* OZLivenessSDK.xcframework */ = {isa = PBXFileReference; lastKnownFileType = wrapper.xcframework; name = OZLivenessSDK.xcframework; path = Pods/OZLivenessSDK/OZLivenessSDK.xcframework; sourceTree = "<group>"; };
		BB1DBF342CA1E7ED009598E1 /* TensorFlowLiteC.xcframework */ = {isa = PBXFileReference; lastKnownFileType = wrapper.xcframework; name = TensorFlowLiteC.xcframework; path = Pods/TensorFlowLiteC/Frameworks/TensorFlowLiteC.xcframework; sourceTree = "<group>"; };
		BB1E6BA32C52161300A8E41D /* HalykWidgetController.swift */ = {isa = PBXFileReference; lastKnownFileType = sourcecode.swift; path = HalykWidgetController.swift; sourceTree = "<group>"; };
		BB22011B2CC0CA6700EBAED1 /* OnboardingInfoData.swift */ = {isa = PBXFileReference; lastKnownFileType = sourcecode.swift; path = OnboardingInfoData.swift; sourceTree = "<group>"; };
		BB38A46E2CBCDFE800E090B0 /* forensics.license */ = {isa = PBXFileReference; lastKnownFileType = text; path = forensics.license; sourceTree = "<group>"; };
		BB3F67BF2C897EFA00A61D68 /* DeviceInfoCollector.swift */ = {isa = PBXFileReference; lastKnownFileType = sourcecode.swift; path = DeviceInfoCollector.swift; sourceTree = "<group>"; };
		BB3F67C12C897F2100A61D68 /* RSAWorker.swift */ = {isa = PBXFileReference; lastKnownFileType = sourcecode.swift; path = RSAWorker.swift; sourceTree = "<group>"; };
		BB3F67C42C89809300A61D68 /* MessagingWebViewActions.swift */ = {isa = PBXFileReference; lastKnownFileType = sourcecode.swift; path = MessagingWebViewActions.swift; sourceTree = "<group>"; };
		BB5C46DC2CB7AF9800B7C6FB /* KeychainKeys.swift */ = {isa = PBXFileReference; lastKnownFileType = sourcecode.swift; path = KeychainKeys.swift; sourceTree = "<group>"; };
		BB5C46DE2CB7D35300B7C6FB /* halykbank.kz.crt */ = {isa = PBXFileReference; lastKnownFileType = file; path = halykbank.kz.crt; sourceTree = "<group>"; };
		BB5C46E12CB7F20B00B7C6FB /* Scripts.swift */ = {isa = PBXFileReference; lastKnownFileType = sourcecode.swift; path = Scripts.swift; sourceTree = "<group>"; };
		BB5C46E32CB7F95600B7C6FB /* LivenessInfoData.swift */ = {isa = PBXFileReference; lastKnownFileType = sourcecode.swift; path = LivenessInfoData.swift; sourceTree = "<group>"; };
		BB8903112CB555D600982B1B /* Example.app */ = {isa = PBXFileReference; explicitFileType = wrapper.application; includeInIndex = 0; path = Example.app; sourceTree = BUILT_PRODUCTS_DIR; };
		BB8903602CB55E8C00982B1B /* FraudDataConfigurator.swift */ = {isa = PBXFileReference; lastKnownFileType = sourcecode.swift; path = FraudDataConfigurator.swift; sourceTree = "<group>"; };
		BB8903622CB55FB700982B1B /* MobileSDK.xcframework */ = {isa = PBXFileReference; lastKnownFileType = wrapper.xcframework; path = MobileSDK.xcframework; sourceTree = "<group>"; };
		BB933ADB2C4FC74A0004E7FC /* HalykWidget.framework */ = {isa = PBXFileReference; explicitFileType = wrapper.framework; includeInIndex = 0; path = HalykWidget.framework; sourceTree = BUILT_PRODUCTS_DIR; };
		BB933ADE2C4FC74A0004E7FC /* HalykWidget.h */ = {isa = PBXFileReference; lastKnownFileType = sourcecode.c.h; path = HalykWidget.h; sourceTree = "<group>"; };
		BB933ADF2C4FC74A0004E7FC /* HalykWidget.docc */ = {isa = PBXFileReference; lastKnownFileType = folder.documentationcatalog; path = HalykWidget.docc; sourceTree = "<group>"; };
		BB933AE52C4FC74A0004E7FC /* HalykWidgetTests.xctest */ = {isa = PBXFileReference; explicitFileType = wrapper.cfbundle; includeInIndex = 0; path = HalykWidgetTests.xctest; sourceTree = BUILT_PRODUCTS_DIR; };
		BB933AEA2C4FC74A0004E7FC /* HalykWidgetTests.swift */ = {isa = PBXFileReference; lastKnownFileType = sourcecode.swift; path = HalykWidgetTests.swift; sourceTree = "<group>"; };
		BB9D5DD72CA55DEC0060CEDD /* TimeStampCalculator.swift */ = {isa = PBXFileReference; lastKnownFileType = sourcecode.swift; path = TimeStampCalculator.swift; sourceTree = "<group>"; };
		BB9D5DD92CA55E890060CEDD /* TokenPairModel.swift */ = {isa = PBXFileReference; lastKnownFileType = sourcecode.swift; path = TokenPairModel.swift; sourceTree = "<group>"; };
		BB9D5DDB2CA55EAE0060CEDD /* RootTokenModel.swift */ = {isa = PBXFileReference; lastKnownFileType = sourcecode.swift; path = RootTokenModel.swift; sourceTree = "<group>"; };
		BB9D5DDD2CA55ED70060CEDD /* Constants.swift */ = {isa = PBXFileReference; lastKnownFileType = sourcecode.swift; path = Constants.swift; sourceTree = "<group>"; };
		BB9D5DDF2CA55EF40060CEDD /* HalykWidgetAuthorizationApi.swift */ = {isa = PBXFileReference; lastKnownFileType = sourcecode.swift; path = HalykWidgetAuthorizationApi.swift; sourceTree = "<group>"; };
		BB9D5DE12CA55FB90060CEDD /* NetworkWorker.swift */ = {isa = PBXFileReference; lastKnownFileType = sourcecode.swift; path = NetworkWorker.swift; sourceTree = "<group>"; wrapsLines = 1; };
		BBAA278D2C5CEC88008AA890 /* MessageWebView.swift */ = {isa = PBXFileReference; lastKnownFileType = sourcecode.swift; path = MessageWebView.swift; sourceTree = "<group>"; };
		BBD17DF42CB65AAE00FCE09C /* AppDelegate.swift */ = {isa = PBXFileReference; lastKnownFileType = sourcecode.swift; path = AppDelegate.swift; sourceTree = "<group>"; };
		BBD17DF52CB65AAE00FCE09C /* Assets.xcassets */ = {isa = PBXFileReference; lastKnownFileType = folder.assetcatalog; path = Assets.xcassets; sourceTree = "<group>"; };
		BBD17DF62CB65AAE00FCE09C /* Base */ = {isa = PBXFileReference; lastKnownFileType = file.storyboard; name = Base; path = LaunchScreen.storyboard; sourceTree = "<group>"; };
		BBD17DF92CB65AAE00FCE09C /* BaseCell.swift */ = {isa = PBXFileReference; lastKnownFileType = sourcecode.swift; path = BaseCell.swift; sourceTree = "<group>"; };
		BBD17DFB2CB65AAE00FCE09C /* SceneDelegate.swift */ = {isa = PBXFileReference; lastKnownFileType = sourcecode.swift; path = SceneDelegate.swift; sourceTree = "<group>"; };
		BBD17DFC2CB65AAE00FCE09C /* TableCellConfigurator.swift */ = {isa = PBXFileReference; lastKnownFileType = sourcecode.swift; path = TableCellConfigurator.swift; sourceTree = "<group>"; };
		BBD17DFD2CB65AAE00FCE09C /* TextFieldView.swift */ = {isa = PBXFileReference; lastKnownFileType = sourcecode.swift; path = TextFieldView.swift; sourceTree = "<group>"; };
		BBD17DFE2CB65AAE00FCE09C /* ViewController.swift */ = {isa = PBXFileReference; lastKnownFileType = sourcecode.swift; path = ViewController.swift; sourceTree = "<group>"; };
		BBD376DA2CB6AD48003613A7 /* ForenzicConfigurator.swift */ = {isa = PBXFileReference; lastKnownFileType = sourcecode.swift; path = ForenzicConfigurator.swift; sourceTree = "<group>"; };
		BBE6EB7E2C523CB9003E71B7 /* HalykWidgetViewModel.swift */ = {isa = PBXFileReference; lastKnownFileType = sourcecode.swift; path = HalykWidgetViewModel.swift; sourceTree = "<group>"; };
		BBE8D9FB2CBE477700653345 /* Info.plist */ = {isa = PBXFileReference; lastKnownFileType = text.plist.xml; path = Info.plist; sourceTree = "<group>"; };
		BBF2B26F2CAE72BC00DF4494 /* ConstantsApi.swift */ = {isa = PBXFileReference; lastKnownFileType = sourcecode.swift; path = ConstantsApi.swift; sourceTree = "<group>"; };
		BBF2B2712CAE7A5F00DF4494 /* CommonInformation.swift */ = {isa = PBXFileReference; lastKnownFileType = sourcecode.swift; path = CommonInformation.swift; sourceTree = "<group>"; };
		BBF2B2822CAEC1FA00DF4494 /* Services.swift */ = {isa = PBXFileReference; lastKnownFileType = sourcecode.swift; path = Services.swift; sourceTree = "<group>"; };
		D548EE844F29ADDA7B91450B /* Pods-HalykWidget-HalykWidgetTests.release.xcconfig */ = {isa = PBXFileReference; includeInIndex = 1; lastKnownFileType = text.xcconfig; name = "Pods-HalykWidget-HalykWidgetTests.release.xcconfig"; path = "Target Support Files/Pods-HalykWidget-HalykWidgetTests/Pods-HalykWidget-HalykWidgetTests.release.xcconfig"; sourceTree = "<group>"; };
/* End PBXFileReference section */

/* Begin PBXFrameworksBuildPhase section */
		BB89030E2CB555D600982B1B /* Frameworks */ = {
			isa = PBXFrameworksBuildPhase;
			buildActionMask = 2147483647;
			files = (
				BB89035B2CB559D200982B1B /* HalykWidget.framework in Frameworks */,
				BB8903532CB5594800982B1B /* HalykCore in Frameworks */,
				BB5C46E52CB7FBFA00B7C6FB /* MobileSDK.xcframework in Frameworks */,
				E8B24E60B99181DD9F549967 /* Pods_Example.framework in Frameworks */,
			);
			runOnlyForDeploymentPostprocessing = 0;
		};
		BB933AD82C4FC74A0004E7FC /* Frameworks */ = {
			isa = PBXFrameworksBuildPhase;
			buildActionMask = 2147483647;
			files = (
				BB0CC1CB2C9BEBD500B5121D /* HalykCore in Frameworks */,
				BB8903632CB55FB700982B1B /* MobileSDK.xcframework in Frameworks */,
				8AB590DA01998C3F98C84B14 /* Pods_HalykWidget.framework in Frameworks */,
			);
			runOnlyForDeploymentPostprocessing = 0;
		};
		BB933AE22C4FC74A0004E7FC /* Frameworks */ = {
			isa = PBXFrameworksBuildPhase;
			buildActionMask = 2147483647;
			files = (
				BB933AE62C4FC74A0004E7FC /* HalykWidget.framework in Frameworks */,
				CC7FA66249A6484CB0E85317 /* Pods_HalykWidget_HalykWidgetTests.framework in Frameworks */,
			);
			runOnlyForDeploymentPostprocessing = 0;
		};
/* End PBXFrameworksBuildPhase section */

/* Begin PBXGroup section */
		AAD09BDF05023C1FCB4CE853 /* Pods */ = {
			isa = PBXGroup;
			children = (
				5CE87025D45DB16B08D2D418 /* Pods-Example.debug.xcconfig */,
				1ADC070C4CE6EAAEA8593CF2 /* Pods-Example.release.xcconfig */,
				47532498EB4B6868899A0E2B /* Pods-HalykWidget.debug.xcconfig */,
				BA124FABCD853CC18D7D99E1 /* Pods-HalykWidget.release.xcconfig */,
				4F660A01272D514583E466CF /* Pods-HalykWidget-HalykWidgetTests.debug.xcconfig */,
				D548EE844F29ADDA7B91450B /* Pods-HalykWidget-HalykWidgetTests.release.xcconfig */,
			);
			path = Pods;
			sourceTree = "<group>";
		};
		BB0A70612CBF7DEA00084289 /* View */ = {
			isa = PBXGroup;
			children = (
				BBAA278D2C5CEC88008AA890 /* MessageWebView.swift */,
			);
			path = View;
			sourceTree = "<group>";
		};
		BB0A70642CBF97FA00084289 /* QR Scanner */ = {
			isa = PBXGroup;
			children = (
				BB0A70692CBF9EE500084289 /* View */,
				BB0A70672CBF9EA400084289 /* HalykWidgetQRScannerViewModel.swift */,
				BB0A70652CBF9DEB00084289 /* HalykWidgetQRScannerViewController.swift */,
			);
			path = "QR Scanner";
			sourceTree = "<group>";
		};
		BB0A70692CBF9EE500084289 /* View */ = {
			isa = PBXGroup;
			children = (
				BB0A706A2CBF9EFF00084289 /* CameraFocusFrameView.swift */,
			);
			path = View;
			sourceTree = "<group>";
		};
		BB1E6BA22C5215F900A8E41D /* Modules */ = {
			isa = PBXGroup;
			children = (
				BB0A70642CBF97FA00084289 /* QR Scanner */,
				BB0A70612CBF7DEA00084289 /* View */,
				BB1E6BA32C52161300A8E41D /* HalykWidgetController.swift */,
				BBE6EB7E2C523CB9003E71B7 /* HalykWidgetViewModel.swift */,
			);
			path = Modules;
			sourceTree = "<group>";
		};
		BB3F67BD2C897EE000A61D68 /* Utils */ = {
			isa = PBXGroup;
			children = (
				BBD376DA2CB6AD48003613A7 /* ForenzicConfigurator.swift */,
				BB3F67BF2C897EFA00A61D68 /* DeviceInfoCollector.swift */,
				BB8903602CB55E8C00982B1B /* FraudDataConfigurator.swift */,
				BB3F67C12C897F2100A61D68 /* RSAWorker.swift */,
				BB9D5DD72CA55DEC0060CEDD /* TimeStampCalculator.swift */,
				BB9D5DDD2CA55ED70060CEDD /* Constants.swift */,
				BBF2B2712CAE7A5F00DF4494 /* CommonInformation.swift */,
				BB5C46E12CB7F20B00B7C6FB /* Scripts.swift */,
			);
			path = Utils;
			sourceTree = "<group>";
		};
		BB3F67C32C89807D00A61D68 /* Models */ = {
			isa = PBXGroup;
			children = (
				BB3F67C42C89809300A61D68 /* MessagingWebViewActions.swift */,
				BB9D5DD92CA55E890060CEDD /* TokenPairModel.swift */,
				BB9D5DDB2CA55EAE0060CEDD /* RootTokenModel.swift */,
				BBF2B2822CAEC1FA00DF4494 /* Services.swift */,
				BB5C46DC2CB7AF9800B7C6FB /* KeychainKeys.swift */,
				BB5C46E32CB7F95600B7C6FB /* LivenessInfoData.swift */,
				BB22011B2CC0CA6700EBAED1 /* OnboardingInfoData.swift */,
			);
			path = Models;
			sourceTree = "<group>";
		};
		BB5C46E02CB7D36A00B7C6FB /* SSL */ = {
			isa = PBXGroup;
			children = (
				BB5C46DE2CB7D35300B7C6FB /* halykbank.kz.crt */,
			);
			path = SSL;
			sourceTree = "<group>";
		};
		BB8903122CB555D600982B1B /* Example */ = {
			isa = PBXGroup;
			children = (
				BBE8D9FB2CBE477700653345 /* Info.plist */,
				BBD17DF42CB65AAE00FCE09C /* AppDelegate.swift */,
				BBD17DF52CB65AAE00FCE09C /* Assets.xcassets */,
				BBD17DF82CB65AAE00FCE09C /* Base.lproj */,
				BBD17DF92CB65AAE00FCE09C /* BaseCell.swift */,
				BBD17DFB2CB65AAE00FCE09C /* SceneDelegate.swift */,
				BBD17DFC2CB65AAE00FCE09C /* TableCellConfigurator.swift */,
				BBD17DFD2CB65AAE00FCE09C /* TextFieldView.swift */,
				BBD17DFE2CB65AAE00FCE09C /* ViewController.swift */,
			);
			path = Example;
			sourceTree = "<group>";
		};
		BB933AD12C4FC74A0004E7FC = {
			isa = PBXGroup;
			children = (
				BB933ADD2C4FC74A0004E7FC /* HalykWidget */,
				BB933AE92C4FC74A0004E7FC /* HalykWidgetTests */,
				BB8903122CB555D600982B1B /* Example */,
				BB933ADC2C4FC74A0004E7FC /* Products */,
				FB4797215BD599C827301167 /* Frameworks */,
				AAD09BDF05023C1FCB4CE853 /* Pods */,
			);
			sourceTree = "<group>";
		};
		BB933ADC2C4FC74A0004E7FC /* Products */ = {
			isa = PBXGroup;
			children = (
				BB933ADB2C4FC74A0004E7FC /* HalykWidget.framework */,
				BB933AE52C4FC74A0004E7FC /* HalykWidgetTests.xctest */,
				BB8903112CB555D600982B1B /* Example.app */,
			);
			name = Products;
			sourceTree = "<group>";
		};
		BB933ADD2C4FC74A0004E7FC /* HalykWidget */ = {
			isa = PBXGroup;
			children = (
				BB5C46E02CB7D36A00B7C6FB /* SSL */,
				BB9D5DD52CA55D7C0060CEDD /* Network Layer */,
				BB3F67C32C89807D00A61D68 /* Models */,
				BB3F67BD2C897EE000A61D68 /* Utils */,
				BB1E6BA22C5215F900A8E41D /* Modules */,
				BB933ADE2C4FC74A0004E7FC /* HalykWidget.h */,
				BB38A46E2CBCDFE800E090B0 /* forensics.license */,
				BB933ADF2C4FC74A0004E7FC /* HalykWidget.docc */,
			);
			path = HalykWidget;
			sourceTree = "<group>";
		};
		BB933AE92C4FC74A0004E7FC /* HalykWidgetTests */ = {
			isa = PBXGroup;
			children = (
				BB933AEA2C4FC74A0004E7FC /* HalykWidgetTests.swift */,
			);
			path = HalykWidgetTests;
			sourceTree = "<group>";
		};
		BB9D5DD52CA55D7C0060CEDD /* Network Layer */ = {
			isa = PBXGroup;
			children = (
				BB9D5DDF2CA55EF40060CEDD /* HalykWidgetAuthorizationApi.swift */,
				BBF2B26F2CAE72BC00DF4494 /* ConstantsApi.swift */,
				BB9D5DE12CA55FB90060CEDD /* NetworkWorker.swift */,
			);
			path = "Network Layer";
			sourceTree = "<group>";
		};
		BBD17DF82CB65AAE00FCE09C /* Base.lproj */ = {
			isa = PBXGroup;
			children = (
				BBD17DF72CB65AAE00FCE09C /* LaunchScreen.storyboard */,
			);
			path = Base.lproj;
			sourceTree = "<group>";
		};
		FB4797215BD599C827301167 /* Frameworks */ = {
			isa = PBXGroup;
			children = (
				BB8903622CB55FB700982B1B /* MobileSDK.xcframework */,
				BB1DBF322CA1E7ED009598E1 /* OZLivenessSDK.xcframework */,
				BB1DBF342CA1E7ED009598E1 /* TensorFlowLiteC.xcframework */,
				6675DEEA627C6696CE6F3A27 /* Pods_Example.framework */,
				3527B0406522E8B73FF0516A /* Pods_HalykWidget.framework */,
				8F6411F9256D336119C64E4C /* Pods_HalykWidget_HalykWidgetTests.framework */,
			);
			name = Frameworks;
			sourceTree = "<group>";
		};
/* End PBXGroup section */

/* Begin PBXHeadersBuildPhase section */
		BB933AD62C4FC74A0004E7FC /* Headers */ = {
			isa = PBXHeadersBuildPhase;
			buildActionMask = 2147483647;
			files = (
				BB933AEC2C4FC74A0004E7FC /* HalykWidget.h in Headers */,
			);
			runOnlyForDeploymentPostprocessing = 0;
		};
/* End PBXHeadersBuildPhase section */

/* Begin PBXNativeTarget section */
		BB8903102CB555D600982B1B /* Example */ = {
			isa = PBXNativeTarget;
			buildConfigurationList = BB8903252CB555D700982B1B /* Build configuration list for PBXNativeTarget "Example" */;
			buildPhases = (
				8624226694022234433D5B9F /* [CP] Check Pods Manifest.lock */,
				BB89030D2CB555D600982B1B /* Sources */,
				BB89030E2CB555D600982B1B /* Frameworks */,
				BB89030F2CB555D600982B1B /* Resources */,
				BB89035F2CB559D200982B1B /* Embed Frameworks */,
				9EEFD7A36D3008B48376501B /* [CP] Copy Pods Resources */,
			);
			buildRules = (
			);
			dependencies = (
				BB89035E2CB559D200982B1B /* PBXTargetDependency */,
			);
			name = Example;
			packageProductDependencies = (
				BB8903522CB5594800982B1B /* HalykCore */,
			);
			productName = Example;
			productReference = BB8903112CB555D600982B1B /* Example.app */;
			productType = "com.apple.product-type.application";
		};
		BB933ADA2C4FC74A0004E7FC /* HalykWidget */ = {
			isa = PBXNativeTarget;
			buildConfigurationList = BB933AEF2C4FC74A0004E7FC /* Build configuration list for PBXNativeTarget "HalykWidget" */;
			buildPhases = (
				B86EA225C78DB91B4E62C18B /* [CP] Check Pods Manifest.lock */,
				BB933AD62C4FC74A0004E7FC /* Headers */,
				BB3D80282CC17B75007767EE /* SwiftLint */,
				BB933AD72C4FC74A0004E7FC /* Sources */,
				BB933AD82C4FC74A0004E7FC /* Frameworks */,
				BB933AD92C4FC74A0004E7FC /* Resources */,
				BBCF14002C9B538B0008FF61 /* Embed Frameworks */,
				F8D31DB8BF8C42C7A982667B /* [CP] Copy Pods Resources */,
			);
			buildRules = (
			);
			dependencies = (
			);
			name = HalykWidget;
			productName = HalykWidget;
			productReference = BB933ADB2C4FC74A0004E7FC /* HalykWidget.framework */;
			productType = "com.apple.product-type.framework";
		};
		BB933AE42C4FC74A0004E7FC /* HalykWidgetTests */ = {
			isa = PBXNativeTarget;
			buildConfigurationList = BB933AF22C4FC74A0004E7FC /* Build configuration list for PBXNativeTarget "HalykWidgetTests" */;
			buildPhases = (
				14D3A7AEEEEE7E2B394DC5B2 /* [CP] Check Pods Manifest.lock */,
				BB933AE12C4FC74A0004E7FC /* Sources */,
				BB933AE22C4FC74A0004E7FC /* Frameworks */,
				BB933AE32C4FC74A0004E7FC /* Resources */,
				1450492BBCC001C45B94D38B /* [CP] Copy Pods Resources */,
			);
			buildRules = (
			);
			dependencies = (
				BB933AE82C4FC74A0004E7FC /* PBXTargetDependency */,
			);
			name = HalykWidgetTests;
			productName = HalykWidgetTests;
			productReference = BB933AE52C4FC74A0004E7FC /* HalykWidgetTests.xctest */;
			productType = "com.apple.product-type.bundle.unit-test";
		};
/* End PBXNativeTarget section */

/* Begin PBXProject section */
		BB933AD22C4FC74A0004E7FC /* Project object */ = {
			isa = PBXProject;
			attributes = {
				BuildIndependentTargetsInParallel = 1;
				LastSwiftUpdateCheck = 1600;
				LastUpgradeCheck = 1600;
				TargetAttributes = {
					BB8903102CB555D600982B1B = {
						CreatedOnToolsVersion = 16.0;
						LastSwiftMigration = 1600;
					};
					BB933ADA2C4FC74A0004E7FC = {
						CreatedOnToolsVersion = 15.3;
					};
					BB933AE42C4FC74A0004E7FC = {
						CreatedOnToolsVersion = 15.3;
					};
				};
			};
			buildConfigurationList = BB933AD52C4FC74A0004E7FC /* Build configuration list for PBXProject "HalykWidget" */;
			compatibilityVersion = "Xcode 14.0";
			developmentRegion = en;
			hasScannedForEncodings = 0;
			knownRegions = (
				en,
				Base,
			);
			mainGroup = BB933AD12C4FC74A0004E7FC;
			packageReferences = (
				BB0CC1C92C9BEBD500B5121D /* XCRemoteSwiftPackageReference "HalykCore" */,
			);
			productRefGroup = BB933ADC2C4FC74A0004E7FC /* Products */;
			projectDirPath = "";
			projectRoot = "";
			targets = (
				BB933ADA2C4FC74A0004E7FC /* HalykWidget */,
				BB933AE42C4FC74A0004E7FC /* HalykWidgetTests */,
				BB8903102CB555D600982B1B /* Example */,
			);
		};
/* End PBXProject section */

/* Begin PBXResourcesBuildPhase section */
		BB89030F2CB555D600982B1B /* Resources */ = {
			isa = PBXResourcesBuildPhase;
			buildActionMask = 2147483647;
			files = (
				BBD17E052CB65AAE00FCE09C /* LaunchScreen.storyboard in Resources */,
				BBD17E062CB65AAE00FCE09C /* Assets.xcassets in Resources */,
			);
			runOnlyForDeploymentPostprocessing = 0;
		};
		BB933AD92C4FC74A0004E7FC /* Resources */ = {
			isa = PBXResourcesBuildPhase;
			buildActionMask = 2147483647;
			files = (
				BB38A46F2CBCDFE800E090B0 /* forensics.license in Resources */,
				BB5C46DF2CB7D35300B7C6FB /* halykbank.kz.crt in Resources */,
			);
			runOnlyForDeploymentPostprocessing = 0;
		};
		BB933AE32C4FC74A0004E7FC /* Resources */ = {
			isa = PBXResourcesBuildPhase;
			buildActionMask = 2147483647;
			files = (
			);
			runOnlyForDeploymentPostprocessing = 0;
		};
/* End PBXResourcesBuildPhase section */

/* Begin PBXShellScriptBuildPhase section */
		1450492BBCC001C45B94D38B /* [CP] Copy Pods Resources */ = {
			isa = PBXShellScriptBuildPhase;
			buildActionMask = 2147483647;
			files = (
			);
			inputFileListPaths = (
				"${PODS_ROOT}/Target Support Files/Pods-HalykWidget-HalykWidgetTests/Pods-HalykWidget-HalykWidgetTests-resources-${CONFIGURATION}-input-files.xcfilelist",
			);
			name = "[CP] Copy Pods Resources";
			outputFileListPaths = (
				"${PODS_ROOT}/Target Support Files/Pods-HalykWidget-HalykWidgetTests/Pods-HalykWidget-HalykWidgetTests-resources-${CONFIGURATION}-output-files.xcfilelist",
			);
			runOnlyForDeploymentPostprocessing = 0;
			shellPath = /bin/sh;
			shellScript = "\"${PODS_ROOT}/Target Support Files/Pods-HalykWidget-HalykWidgetTests/Pods-HalykWidget-HalykWidgetTests-resources.sh\"\n";
			showEnvVarsInLog = 0;
		};
		14D3A7AEEEEE7E2B394DC5B2 /* [CP] Check Pods Manifest.lock */ = {
			isa = PBXShellScriptBuildPhase;
			buildActionMask = 2147483647;
			files = (
			);
			inputFileListPaths = (
			);
			inputPaths = (
				"${PODS_PODFILE_DIR_PATH}/Podfile.lock",
				"${PODS_ROOT}/Manifest.lock",
			);
			name = "[CP] Check Pods Manifest.lock";
			outputFileListPaths = (
			);
			outputPaths = (
				"$(DERIVED_FILE_DIR)/Pods-HalykWidget-HalykWidgetTests-checkManifestLockResult.txt",
			);
			runOnlyForDeploymentPostprocessing = 0;
			shellPath = /bin/sh;
			shellScript = "diff \"${PODS_PODFILE_DIR_PATH}/Podfile.lock\" \"${PODS_ROOT}/Manifest.lock\" > /dev/null\nif [ $? != 0 ] ; then\n    # print error to STDERR\n    echo \"error: The sandbox is not in sync with the Podfile.lock. Run 'pod install' or update your CocoaPods installation.\" >&2\n    exit 1\nfi\n# This output is used by Xcode 'outputs' to avoid re-running this script phase.\necho \"SUCCESS\" > \"${SCRIPT_OUTPUT_FILE_0}\"\n";
			showEnvVarsInLog = 0;
		};
		8624226694022234433D5B9F /* [CP] Check Pods Manifest.lock */ = {
			isa = PBXShellScriptBuildPhase;
			buildActionMask = 2147483647;
			files = (
			);
			inputFileListPaths = (
			);
			inputPaths = (
				"${PODS_PODFILE_DIR_PATH}/Podfile.lock",
				"${PODS_ROOT}/Manifest.lock",
			);
			name = "[CP] Check Pods Manifest.lock";
			outputFileListPaths = (
			);
			outputPaths = (
				"$(DERIVED_FILE_DIR)/Pods-Example-checkManifestLockResult.txt",
			);
			runOnlyForDeploymentPostprocessing = 0;
			shellPath = /bin/sh;
			shellScript = "diff \"${PODS_PODFILE_DIR_PATH}/Podfile.lock\" \"${PODS_ROOT}/Manifest.lock\" > /dev/null\nif [ $? != 0 ] ; then\n    # print error to STDERR\n    echo \"error: The sandbox is not in sync with the Podfile.lock. Run 'pod install' or update your CocoaPods installation.\" >&2\n    exit 1\nfi\n# This output is used by Xcode 'outputs' to avoid re-running this script phase.\necho \"SUCCESS\" > \"${SCRIPT_OUTPUT_FILE_0}\"\n";
			showEnvVarsInLog = 0;
		};
		9EEFD7A36D3008B48376501B /* [CP] Copy Pods Resources */ = {
			isa = PBXShellScriptBuildPhase;
			buildActionMask = 2147483647;
			files = (
			);
			inputFileListPaths = (
				"${PODS_ROOT}/Target Support Files/Pods-Example/Pods-Example-resources-${CONFIGURATION}-input-files.xcfilelist",
			);
			name = "[CP] Copy Pods Resources";
			outputFileListPaths = (
				"${PODS_ROOT}/Target Support Files/Pods-Example/Pods-Example-resources-${CONFIGURATION}-output-files.xcfilelist",
			);
			runOnlyForDeploymentPostprocessing = 0;
			shellPath = /bin/sh;
			shellScript = "\"${PODS_ROOT}/Target Support Files/Pods-Example/Pods-Example-resources.sh\"\n";
			showEnvVarsInLog = 0;
		};
		B86EA225C78DB91B4E62C18B /* [CP] Check Pods Manifest.lock */ = {
			isa = PBXShellScriptBuildPhase;
			buildActionMask = 2147483647;
			files = (
			);
			inputFileListPaths = (
			);
			inputPaths = (
				"${PODS_PODFILE_DIR_PATH}/Podfile.lock",
				"${PODS_ROOT}/Manifest.lock",
			);
			name = "[CP] Check Pods Manifest.lock";
			outputFileListPaths = (
			);
			outputPaths = (
				"$(DERIVED_FILE_DIR)/Pods-HalykWidget-checkManifestLockResult.txt",
			);
			runOnlyForDeploymentPostprocessing = 0;
			shellPath = /bin/sh;
			shellScript = "diff \"${PODS_PODFILE_DIR_PATH}/Podfile.lock\" \"${PODS_ROOT}/Manifest.lock\" > /dev/null\nif [ $? != 0 ] ; then\n    # print error to STDERR\n    echo \"error: The sandbox is not in sync with the Podfile.lock. Run 'pod install' or update your CocoaPods installation.\" >&2\n    exit 1\nfi\n# This output is used by Xcode 'outputs' to avoid re-running this script phase.\necho \"SUCCESS\" > \"${SCRIPT_OUTPUT_FILE_0}\"\n";
			showEnvVarsInLog = 0;
		};
		BB3D80282CC17B75007767EE /* SwiftLint */ = {
			isa = PBXShellScriptBuildPhase;
			alwaysOutOfDate = 1;
			buildActionMask = 2147483647;
			files = (
			);
			inputFileListPaths = (
			);
			inputPaths = (
			);
			name = SwiftLint;
			outputFileListPaths = (
			);
			outputPaths = (
			);
			runOnlyForDeploymentPostprocessing = 0;
			shellPath = /bin/sh;
			shellScript = "# Проверка архитектуры и добавление пути для Apple Silicon\nif [[ \"$(uname -m)\" == arm64 ]]\nthen\n  export PATH=\"/opt/homebrew/bin:$PATH\"\nfi\n\n# Проверка наличия SwiftLint и его запуск\nif command -v swiftlint >/dev/null 2>&1\nthen\n  swiftlint --quiet\nelse\n  echo \"warning: `swiftlint` command not found - See https://github.com/realm/SwiftLint#installation for installation instructions.\"\nfi\n";
		};
		F8D31DB8BF8C42C7A982667B /* [CP] Copy Pods Resources */ = {
			isa = PBXShellScriptBuildPhase;
			buildActionMask = 2147483647;
			files = (
			);
			inputFileListPaths = (
				"${PODS_ROOT}/Target Support Files/Pods-HalykWidget/Pods-HalykWidget-resources-${CONFIGURATION}-input-files.xcfilelist",
			);
			name = "[CP] Copy Pods Resources";
			outputFileListPaths = (
				"${PODS_ROOT}/Target Support Files/Pods-HalykWidget/Pods-HalykWidget-resources-${CONFIGURATION}-output-files.xcfilelist",
			);
			runOnlyForDeploymentPostprocessing = 0;
			shellPath = /bin/sh;
			shellScript = "\"${PODS_ROOT}/Target Support Files/Pods-HalykWidget/Pods-HalykWidget-resources.sh\"\n";
			showEnvVarsInLog = 0;
		};
/* End PBXShellScriptBuildPhase section */

/* Begin PBXSourcesBuildPhase section */
		BB89030D2CB555D600982B1B /* Sources */ = {
			isa = PBXSourcesBuildPhase;
			buildActionMask = 2147483647;
			files = (
				BBD17DFF2CB65AAE00FCE09C /* SceneDelegate.swift in Sources */,
				BBD17E002CB65AAE00FCE09C /* BaseCell.swift in Sources */,
				BBD17E012CB65AAE00FCE09C /* AppDelegate.swift in Sources */,
				BBD17E022CB65AAE00FCE09C /* TableCellConfigurator.swift in Sources */,
				BBD17E032CB65AAE00FCE09C /* TextFieldView.swift in Sources */,
				BBD17E042CB65AAE00FCE09C /* ViewController.swift in Sources */,
			);
			runOnlyForDeploymentPostprocessing = 0;
		};
		BB933AD72C4FC74A0004E7FC /* Sources */ = {
			isa = PBXSourcesBuildPhase;
			buildActionMask = 2147483647;
			files = (
				BB5C46DD2CB7AF9800B7C6FB /* KeychainKeys.swift in Sources */,
				BBD376DB2CB6AD48003613A7 /* ForenzicConfigurator.swift in Sources */,
				BBF2B2722CAE7A6000DF4494 /* CommonInformation.swift in Sources */,
				BBF2B2832CAEC1FA00DF4494 /* Services.swift in Sources */,
				BB0A706B2CBF9EFF00084289 /* CameraFocusFrameView.swift in Sources */,
				BB5C46E22CB7F20B00B7C6FB /* Scripts.swift in Sources */,
				BB1E6BA42C52161300A8E41D /* HalykWidgetController.swift in Sources */,
				BB933AE02C4FC74A0004E7FC /* HalykWidget.docc in Sources */,
				BB22011C2CC0CA6700EBAED1 /* OnboardingInfoData.swift in Sources */,
				BB5C46E42CB7F95600B7C6FB /* LivenessInfoData.swift in Sources */,
				BBAA278E2C5CEC88008AA890 /* MessageWebView.swift in Sources */,
				BBE6EB7F2C523CB9003E71B7 /* HalykWidgetViewModel.swift in Sources */,
				BB9D5DDA2CA55E890060CEDD /* TokenPairModel.swift in Sources */,
				BB9D5DE22CA55FB90060CEDD /* NetworkWorker.swift in Sources */,
				BB3F67C52C89809300A61D68 /* MessagingWebViewActions.swift in Sources */,
				BB8903612CB55E8C00982B1B /* FraudDataConfigurator.swift in Sources */,
				BB3F67C22C897F2100A61D68 /* RSAWorker.swift in Sources */,
				BB9D5DD82CA55DEC0060CEDD /* TimeStampCalculator.swift in Sources */,
				BB0A70662CBF9DEB00084289 /* HalykWidgetQRScannerViewController.swift in Sources */,
				BB3F67C02C897EFA00A61D68 /* DeviceInfoCollector.swift in Sources */,
				BB0A70682CBF9EA400084289 /* HalykWidgetQRScannerViewModel.swift in Sources */,
				BBF2B2702CAE72BC00DF4494 /* ConstantsApi.swift in Sources */,
				BB9D5DE02CA55EF40060CEDD /* HalykWidgetAuthorizationApi.swift in Sources */,
				BB9D5DDC2CA55EAE0060CEDD /* RootTokenModel.swift in Sources */,
				BB9D5DDE2CA55ED70060CEDD /* Constants.swift in Sources */,
			);
			runOnlyForDeploymentPostprocessing = 0;
		};
		BB933AE12C4FC74A0004E7FC /* Sources */ = {
			isa = PBXSourcesBuildPhase;
			buildActionMask = 2147483647;
			files = (
				BB933AEB2C4FC74A0004E7FC /* HalykWidgetTests.swift in Sources */,
			);
			runOnlyForDeploymentPostprocessing = 0;
		};
/* End PBXSourcesBuildPhase section */

/* Begin PBXTargetDependency section */
		BB89035E2CB559D200982B1B /* PBXTargetDependency */ = {
			isa = PBXTargetDependency;
			target = BB933ADA2C4FC74A0004E7FC /* HalykWidget */;
			targetProxy = BB89035D2CB559D200982B1B /* PBXContainerItemProxy */;
		};
		BB933AE82C4FC74A0004E7FC /* PBXTargetDependency */ = {
			isa = PBXTargetDependency;
			target = BB933ADA2C4FC74A0004E7FC /* HalykWidget */;
			targetProxy = BB933AE72C4FC74A0004E7FC /* PBXContainerItemProxy */;
		};
/* End PBXTargetDependency section */

/* Begin PBXVariantGroup section */
		BBD17DF72CB65AAE00FCE09C /* LaunchScreen.storyboard */ = {
			isa = PBXVariantGroup;
			children = (
				BBD17DF62CB65AAE00FCE09C /* Base */,
			);
			name = LaunchScreen.storyboard;
			sourceTree = "<group>";
		};
/* End PBXVariantGroup section */

/* Begin XCBuildConfiguration section */
		BB8903222CB555D700982B1B /* Debug */ = {
			isa = XCBuildConfiguration;
			baseConfigurationReference = 5CE87025D45DB16B08D2D418 /* Pods-Example.debug.xcconfig */;
			buildSettings = {
				ASSETCATALOG_COMPILER_APPICON_NAME = AppIcon;
				ASSETCATALOG_COMPILER_GLOBAL_ACCENT_COLOR_NAME = AccentColor;
				CLANG_ENABLE_MODULES = YES;
				CODE_SIGN_STYLE = Automatic;
				CURRENT_PROJECT_VERSION = 1;
				DEVELOPMENT_TEAM = YTHC5U3V42;
				ENABLE_USER_SCRIPT_SANDBOXING = NO;
				GENERATE_INFOPLIST_FILE = YES;
				INFOPLIST_FILE = Example/Info.plist;
				INFOPLIST_KEY_NSLocationAlwaysUsageDescription = "Need just for test";
				INFOPLIST_KEY_NSUserTrackingUsageDescription = "Need for test";
				INFOPLIST_KEY_UIApplicationSupportsIndirectInputEvents = YES;
				INFOPLIST_KEY_UILaunchStoryboardName = LaunchScreen;
				INFOPLIST_KEY_UISupportedInterfaceOrientations = UIInterfaceOrientationPortrait;
				INFOPLIST_KEY_UISupportedInterfaceOrientations_iPad = "UIInterfaceOrientationLandscapeLeft UIInterfaceOrientationLandscapeRight UIInterfaceOrientationPortrait UIInterfaceOrientationPortraitUpsideDown";
				IPHONEOS_DEPLOYMENT_TARGET = 13.0;
				LD_RUNPATH_SEARCH_PATHS = (
					"$(inherited)",
					"@executable_path/Frameworks",
				);
				MARKETING_VERSION = 1.0;
				PRODUCT_BUNDLE_IDENTIFIER = kz.vlife.grandera;
				PRODUCT_NAME = "$(TARGET_NAME)";
				SUPPORTED_PLATFORMS = "iphoneos iphonesimulator";
				SUPPORTS_MACCATALYST = NO;
				SUPPORTS_MAC_DESIGNED_FOR_IPHONE_IPAD = NO;
				SUPPORTS_XR_DESIGNED_FOR_IPHONE_IPAD = NO;
				SWIFT_EMIT_LOC_STRINGS = YES;
				SWIFT_OPTIMIZATION_LEVEL = "-Onone";
				SWIFT_VERSION = 5.0;
				TARGETED_DEVICE_FAMILY = 1;
			};
			name = Debug;
		};
		BB8903232CB555D700982B1B /* Release */ = {
			isa = XCBuildConfiguration;
			baseConfigurationReference = 1ADC070C4CE6EAAEA8593CF2 /* Pods-Example.release.xcconfig */;
			buildSettings = {
				ASSETCATALOG_COMPILER_APPICON_NAME = AppIcon;
				ASSETCATALOG_COMPILER_GLOBAL_ACCENT_COLOR_NAME = AccentColor;
				CLANG_ENABLE_MODULES = YES;
				CODE_SIGN_STYLE = Automatic;
				CURRENT_PROJECT_VERSION = 1;
				DEVELOPMENT_TEAM = YTHC5U3V42;
				ENABLE_USER_SCRIPT_SANDBOXING = NO;
				GENERATE_INFOPLIST_FILE = YES;
				INFOPLIST_FILE = Example/Info.plist;
				INFOPLIST_KEY_NSLocationAlwaysUsageDescription = "Need just for test";
				INFOPLIST_KEY_NSUserTrackingUsageDescription = "Need for test";
				INFOPLIST_KEY_UIApplicationSupportsIndirectInputEvents = YES;
				INFOPLIST_KEY_UILaunchStoryboardName = LaunchScreen;
				INFOPLIST_KEY_UISupportedInterfaceOrientations = UIInterfaceOrientationPortrait;
				INFOPLIST_KEY_UISupportedInterfaceOrientations_iPad = "UIInterfaceOrientationLandscapeLeft UIInterfaceOrientationLandscapeRight UIInterfaceOrientationPortrait UIInterfaceOrientationPortraitUpsideDown";
				IPHONEOS_DEPLOYMENT_TARGET = 13.0;
				LD_RUNPATH_SEARCH_PATHS = (
					"$(inherited)",
					"@executable_path/Frameworks",
				);
				MARKETING_VERSION = 1.0;
				PRODUCT_BUNDLE_IDENTIFIER = kz.vlife.grandera;
				PRODUCT_NAME = "$(TARGET_NAME)";
				SUPPORTED_PLATFORMS = "iphoneos iphonesimulator";
				SUPPORTS_MACCATALYST = NO;
				SUPPORTS_MAC_DESIGNED_FOR_IPHONE_IPAD = NO;
				SUPPORTS_XR_DESIGNED_FOR_IPHONE_IPAD = NO;
				SWIFT_EMIT_LOC_STRINGS = YES;
				SWIFT_VERSION = 5.0;
				TARGETED_DEVICE_FAMILY = 1;
			};
			name = Release;
		};
		BB933AED2C4FC74A0004E7FC /* Debug */ = {
			isa = XCBuildConfiguration;
			buildSettings = {
				ALWAYS_SEARCH_USER_PATHS = NO;
				ASSETCATALOG_COMPILER_GENERATE_SWIFT_ASSET_SYMBOL_EXTENSIONS = YES;
				BUILD_LIBRARY_FOR_DISTRIBUTION = YES;
				CLANG_ANALYZER_NONNULL = YES;
				CLANG_ANALYZER_NUMBER_OBJECT_CONVERSION = YES_AGGRESSIVE;
				CLANG_CXX_LANGUAGE_STANDARD = "gnu++20";
				CLANG_ENABLE_MODULES = YES;
				CLANG_ENABLE_OBJC_ARC = YES;
				CLANG_ENABLE_OBJC_WEAK = YES;
				CLANG_WARN_BLOCK_CAPTURE_AUTORELEASING = YES;
				CLANG_WARN_BOOL_CONVERSION = YES;
				CLANG_WARN_COMMA = YES;
				CLANG_WARN_CONSTANT_CONVERSION = YES;
				CLANG_WARN_DEPRECATED_OBJC_IMPLEMENTATIONS = YES;
				CLANG_WARN_DIRECT_OBJC_ISA_USAGE = YES_ERROR;
				CLANG_WARN_DOCUMENTATION_COMMENTS = YES;
				CLANG_WARN_EMPTY_BODY = YES;
				CLANG_WARN_ENUM_CONVERSION = YES;
				CLANG_WARN_INFINITE_RECURSION = YES;
				CLANG_WARN_INT_CONVERSION = YES;
				CLANG_WARN_NON_LITERAL_NULL_CONVERSION = YES;
				CLANG_WARN_OBJC_IMPLICIT_RETAIN_SELF = YES;
				CLANG_WARN_OBJC_LITERAL_CONVERSION = YES;
				CLANG_WARN_OBJC_ROOT_CLASS = YES_ERROR;
				CLANG_WARN_QUOTED_INCLUDE_IN_FRAMEWORK_HEADER = YES;
				CLANG_WARN_RANGE_LOOP_ANALYSIS = YES;
				CLANG_WARN_STRICT_PROTOTYPES = YES;
				CLANG_WARN_SUSPICIOUS_MOVE = YES;
				CLANG_WARN_UNGUARDED_AVAILABILITY = YES_AGGRESSIVE;
				CLANG_WARN_UNREACHABLE_CODE = YES;
				CLANG_WARN__DUPLICATE_METHOD_MATCH = YES;
				COPY_PHASE_STRIP = NO;
				CURRENT_PROJECT_VERSION = 1;
				DEBUG_INFORMATION_FORMAT = dwarf;
				ENABLE_STRICT_OBJC_MSGSEND = YES;
				ENABLE_TESTABILITY = YES;
				ENABLE_USER_SCRIPT_SANDBOXING = YES;
				GCC_C_LANGUAGE_STANDARD = gnu17;
				GCC_DYNAMIC_NO_PIC = NO;
				GCC_NO_COMMON_BLOCKS = YES;
				GCC_OPTIMIZATION_LEVEL = 0;
				GCC_PREPROCESSOR_DEFINITIONS = (
					"DEBUG=1",
					"$(inherited)",
				);
				GCC_WARN_64_TO_32_BIT_CONVERSION = YES;
				GCC_WARN_ABOUT_RETURN_TYPE = YES_ERROR;
				GCC_WARN_UNDECLARED_SELECTOR = YES;
				GCC_WARN_UNINITIALIZED_AUTOS = YES_AGGRESSIVE;
				GCC_WARN_UNUSED_FUNCTION = YES;
				GCC_WARN_UNUSED_VARIABLE = YES;
				IPHONEOS_DEPLOYMENT_TARGET = 13.0;
				LOCALIZATION_PREFERS_STRING_CATALOGS = YES;
				MTL_ENABLE_DEBUG_INFO = INCLUDE_SOURCE;
				MTL_FAST_MATH = YES;
				ONLY_ACTIVE_ARCH = YES;
				SDKROOT = iphoneos;
				SWIFT_ACTIVE_COMPILATION_CONDITIONS = "DEBUG $(inherited)";
				SWIFT_OPTIMIZATION_LEVEL = "-Onone";
				VERSIONING_SYSTEM = "apple-generic";
				VERSION_INFO_PREFIX = "";
			};
			name = Debug;
		};
		BB933AEE2C4FC74A0004E7FC /* Release */ = {
			isa = XCBuildConfiguration;
			buildSettings = {
				ALWAYS_SEARCH_USER_PATHS = NO;
				ASSETCATALOG_COMPILER_GENERATE_SWIFT_ASSET_SYMBOL_EXTENSIONS = YES;
				BUILD_LIBRARY_FOR_DISTRIBUTION = YES;
				CLANG_ANALYZER_NONNULL = YES;
				CLANG_ANALYZER_NUMBER_OBJECT_CONVERSION = YES_AGGRESSIVE;
				CLANG_CXX_LANGUAGE_STANDARD = "gnu++20";
				CLANG_ENABLE_MODULES = YES;
				CLANG_ENABLE_OBJC_ARC = YES;
				CLANG_ENABLE_OBJC_WEAK = YES;
				CLANG_WARN_BLOCK_CAPTURE_AUTORELEASING = YES;
				CLANG_WARN_BOOL_CONVERSION = YES;
				CLANG_WARN_COMMA = YES;
				CLANG_WARN_CONSTANT_CONVERSION = YES;
				CLANG_WARN_DEPRECATED_OBJC_IMPLEMENTATIONS = YES;
				CLANG_WARN_DIRECT_OBJC_ISA_USAGE = YES_ERROR;
				CLANG_WARN_DOCUMENTATION_COMMENTS = YES;
				CLANG_WARN_EMPTY_BODY = YES;
				CLANG_WARN_ENUM_CONVERSION = YES;
				CLANG_WARN_INFINITE_RECURSION = YES;
				CLANG_WARN_INT_CONVERSION = YES;
				CLANG_WARN_NON_LITERAL_NULL_CONVERSION = YES;
				CLANG_WARN_OBJC_IMPLICIT_RETAIN_SELF = YES;
				CLANG_WARN_OBJC_LITERAL_CONVERSION = YES;
				CLANG_WARN_OBJC_ROOT_CLASS = YES_ERROR;
				CLANG_WARN_QUOTED_INCLUDE_IN_FRAMEWORK_HEADER = YES;
				CLANG_WARN_RANGE_LOOP_ANALYSIS = YES;
				CLANG_WARN_STRICT_PROTOTYPES = YES;
				CLANG_WARN_SUSPICIOUS_MOVE = YES;
				CLANG_WARN_UNGUARDED_AVAILABILITY = YES_AGGRESSIVE;
				CLANG_WARN_UNREACHABLE_CODE = YES;
				CLANG_WARN__DUPLICATE_METHOD_MATCH = YES;
				COPY_PHASE_STRIP = NO;
				CURRENT_PROJECT_VERSION = 1;
				DEBUG_INFORMATION_FORMAT = "dwarf-with-dsym";
				ENABLE_NS_ASSERTIONS = NO;
				ENABLE_STRICT_OBJC_MSGSEND = YES;
				ENABLE_USER_SCRIPT_SANDBOXING = YES;
				GCC_C_LANGUAGE_STANDARD = gnu17;
				GCC_NO_COMMON_BLOCKS = YES;
				GCC_WARN_64_TO_32_BIT_CONVERSION = YES;
				GCC_WARN_ABOUT_RETURN_TYPE = YES_ERROR;
				GCC_WARN_UNDECLARED_SELECTOR = YES;
				GCC_WARN_UNINITIALIZED_AUTOS = YES_AGGRESSIVE;
				GCC_WARN_UNUSED_FUNCTION = YES;
				GCC_WARN_UNUSED_VARIABLE = YES;
				IPHONEOS_DEPLOYMENT_TARGET = 13.0;
				LOCALIZATION_PREFERS_STRING_CATALOGS = YES;
				MTL_ENABLE_DEBUG_INFO = NO;
				MTL_FAST_MATH = YES;
				SDKROOT = iphoneos;
				SWIFT_COMPILATION_MODE = wholemodule;
				VALIDATE_PRODUCT = YES;
				VERSIONING_SYSTEM = "apple-generic";
				VERSION_INFO_PREFIX = "";
			};
			name = Release;
		};
		BB933AF02C4FC74A0004E7FC /* Debug */ = {
			isa = XCBuildConfiguration;
			baseConfigurationReference = 47532498EB4B6868899A0E2B /* Pods-HalykWidget.debug.xcconfig */;
			buildSettings = {
				BUILD_LIBRARY_FOR_DISTRIBUTION = YES;
				CODE_SIGN_IDENTITY = "";
				CODE_SIGN_STYLE = Automatic;
				CURRENT_PROJECT_VERSION = 1;
				DEFINES_MODULE = YES;
				DEVELOPMENT_TEAM = YTHC5U3V42;
				DYLIB_COMPATIBILITY_VERSION = 1;
				DYLIB_CURRENT_VERSION = 1;
				DYLIB_INSTALL_NAME_BASE = "@rpath";
				ENABLE_MODULE_VERIFIER = YES;
				ENABLE_USER_SCRIPT_SANDBOXING = NO;
				GENERATE_INFOPLIST_FILE = YES;
				INFOPLIST_KEY_NSHumanReadableCopyright = "";
				INSTALL_PATH = "$(LOCAL_LIBRARY_DIR)/Frameworks";
				IPHONEOS_DEPLOYMENT_TARGET = 13.0;
				LD_RUNPATH_SEARCH_PATHS = (
					"$(inherited)",
					"@executable_path/Frameworks",
					"@loader_path/Frameworks",
				);
				MARKETING_VERSION = 1.0;
				MODULE_VERIFIER_SUPPORTED_LANGUAGES = "objective-c objective-c++";
				MODULE_VERIFIER_SUPPORTED_LANGUAGE_STANDARDS = "gnu17 gnu++20";
				PRODUCT_BUNDLE_IDENTIFIER = kz.halyk.partner;
				PRODUCT_NAME = "$(TARGET_NAME:c99extidentifier)";
				SKIP_INSTALL = YES;
				SUPPORTED_PLATFORMS = "iphoneos iphonesimulator";
				SUPPORTS_MACCATALYST = YES;
				SUPPORTS_XR_DESIGNED_FOR_IPHONE_IPAD = NO;
				SWIFT_EMIT_LOC_STRINGS = YES;
				SWIFT_INSTALL_OBJC_HEADER = NO;
				SWIFT_VERSION = 5.0;
				TARGETED_DEVICE_FAMILY = "1,2";
			};
			name = Debug;
		};
		BB933AF12C4FC74A0004E7FC /* Release */ = {
			isa = XCBuildConfiguration;
			baseConfigurationReference = BA124FABCD853CC18D7D99E1 /* Pods-HalykWidget.release.xcconfig */;
			buildSettings = {
				BUILD_LIBRARY_FOR_DISTRIBUTION = YES;
				CODE_SIGN_IDENTITY = "";
				CODE_SIGN_STYLE = Automatic;
				CURRENT_PROJECT_VERSION = 1;
				DEFINES_MODULE = YES;
				DEVELOPMENT_TEAM = YTHC5U3V42;
				DYLIB_COMPATIBILITY_VERSION = 1;
				DYLIB_CURRENT_VERSION = 1;
				DYLIB_INSTALL_NAME_BASE = "@rpath";
				ENABLE_MODULE_VERIFIER = YES;
				ENABLE_USER_SCRIPT_SANDBOXING = NO;
				GENERATE_INFOPLIST_FILE = YES;
				INFOPLIST_KEY_NSHumanReadableCopyright = "";
				INSTALL_PATH = "$(LOCAL_LIBRARY_DIR)/Frameworks";
				IPHONEOS_DEPLOYMENT_TARGET = 13.0;
				LD_RUNPATH_SEARCH_PATHS = (
					"$(inherited)",
					"@executable_path/Frameworks",
					"@loader_path/Frameworks",
				);
				MARKETING_VERSION = 1.0;
				MODULE_VERIFIER_SUPPORTED_LANGUAGES = "objective-c objective-c++";
				MODULE_VERIFIER_SUPPORTED_LANGUAGE_STANDARDS = "gnu17 gnu++20";
				PRODUCT_BUNDLE_IDENTIFIER = kz.halyk.partner;
				PRODUCT_NAME = "$(TARGET_NAME:c99extidentifier)";
				SKIP_INSTALL = YES;
				SUPPORTED_PLATFORMS = "iphoneos iphonesimulator";
				SUPPORTS_MACCATALYST = YES;
				SUPPORTS_XR_DESIGNED_FOR_IPHONE_IPAD = NO;
				SWIFT_EMIT_LOC_STRINGS = YES;
				SWIFT_INSTALL_OBJC_HEADER = NO;
				SWIFT_VERSION = 5.0;
				TARGETED_DEVICE_FAMILY = "1,2";
			};
			name = Release;
		};
		BB933AF32C4FC74A0004E7FC /* Debug */ = {
			isa = XCBuildConfiguration;
			baseConfigurationReference = 4F660A01272D514583E466CF /* Pods-HalykWidget-HalykWidgetTests.debug.xcconfig */;
			buildSettings = {
				CODE_SIGN_STYLE = Automatic;
				CURRENT_PROJECT_VERSION = 1;
				DEVELOPMENT_TEAM = YTHC5U3V42;
				GENERATE_INFOPLIST_FILE = YES;
				MARKETING_VERSION = 1.0;
				PRODUCT_BUNDLE_IDENTIFIER = salmik.HalykWidgetTests;
				PRODUCT_NAME = "$(TARGET_NAME)";
				SWIFT_EMIT_LOC_STRINGS = NO;
				SWIFT_VERSION = 5.0;
				TARGETED_DEVICE_FAMILY = "1,2";
			};
			name = Debug;
		};
		BB933AF42C4FC74A0004E7FC /* Release */ = {
			isa = XCBuildConfiguration;
			baseConfigurationReference = D548EE844F29ADDA7B91450B /* Pods-HalykWidget-HalykWidgetTests.release.xcconfig */;
			buildSettings = {
				CODE_SIGN_STYLE = Automatic;
				CURRENT_PROJECT_VERSION = 1;
				DEVELOPMENT_TEAM = YTHC5U3V42;
				GENERATE_INFOPLIST_FILE = YES;
				MARKETING_VERSION = 1.0;
				PRODUCT_BUNDLE_IDENTIFIER = salmik.HalykWidgetTests;
				PRODUCT_NAME = "$(TARGET_NAME)";
				SWIFT_EMIT_LOC_STRINGS = NO;
				SWIFT_VERSION = 5.0;
				TARGETED_DEVICE_FAMILY = "1,2";
			};
			name = Release;
		};
/* End XCBuildConfiguration section */

/* Begin XCConfigurationList section */
		BB8903252CB555D700982B1B /* Build configuration list for PBXNativeTarget "Example" */ = {
			isa = XCConfigurationList;
			buildConfigurations = (
				BB8903222CB555D700982B1B /* Debug */,
				BB8903232CB555D700982B1B /* Release */,
			);
			defaultConfigurationIsVisible = 0;
			defaultConfigurationName = Release;
		};
		BB933AD52C4FC74A0004E7FC /* Build configuration list for PBXProject "HalykWidget" */ = {
			isa = XCConfigurationList;
			buildConfigurations = (
				BB933AED2C4FC74A0004E7FC /* Debug */,
				BB933AEE2C4FC74A0004E7FC /* Release */,
			);
			defaultConfigurationIsVisible = 0;
			defaultConfigurationName = Release;
		};
		BB933AEF2C4FC74A0004E7FC /* Build configuration list for PBXNativeTarget "HalykWidget" */ = {
			isa = XCConfigurationList;
			buildConfigurations = (
				BB933AF02C4FC74A0004E7FC /* Debug */,
				BB933AF12C4FC74A0004E7FC /* Release */,
			);
			defaultConfigurationIsVisible = 0;
			defaultConfigurationName = Release;
		};
		BB933AF22C4FC74A0004E7FC /* Build configuration list for PBXNativeTarget "HalykWidgetTests" */ = {
			isa = XCConfigurationList;
			buildConfigurations = (
				BB933AF32C4FC74A0004E7FC /* Debug */,
				BB933AF42C4FC74A0004E7FC /* Release */,
			);
			defaultConfigurationIsVisible = 0;
			defaultConfigurationName = Release;
		};
/* End XCConfigurationList section */

/* Begin XCRemoteSwiftPackageReference section */
		BB0CC1C92C9BEBD500B5121D /* XCRemoteSwiftPackageReference "HalykCore" */ = {
			isa = XCRemoteSwiftPackageReference;
			repositoryURL = "https://github.com/Salmik/HalykCore";
			requirement = {
				branch = main;
				kind = branch;
			};
		};
/* End XCRemoteSwiftPackageReference section */

/* Begin XCSwiftPackageProductDependency section */
		BB0CC1CA2C9BEBD500B5121D /* HalykCore */ = {
			isa = XCSwiftPackageProductDependency;
			package = BB0CC1C92C9BEBD500B5121D /* XCRemoteSwiftPackageReference "HalykCore" */;
			productName = HalykCore;
		};
		BB8903522CB5594800982B1B /* HalykCore */ = {
			isa = XCSwiftPackageProductDependency;
			package = BB0CC1C92C9BEBD500B5121D /* XCRemoteSwiftPackageReference "HalykCore" */;
			productName = HalykCore;
		};
/* End XCSwiftPackageProductDependency section */
	};
	rootObject = BB933AD22C4FC74A0004E7FC /* Project object */;
}
